
Microsoft Visual Studio Solution File, Format Version 12.00
Project("{FAE04EC0-301F-11D3-BF4B-00C04F79EFBC}") = "Sem3Project", "Sem3Project\Sem3Project.csproj", "{1EBAD746-E6A2-43DD-837E-1563DE062F9D}"
EndProject
Global
	GlobalSection(SolutionConfigurationPlatforms) = preSolution
		Debug|Any CPU = Debug|Any CPU
		Release|Any CPU = Release|Any CPU
	EndGlobalSection
	GlobalSection(ProjectConfigurationPlatforms) = postSolution
		{1EBAD746-E6A2-43DD-837E-1563DE062F9D}.Debug|Any CPU.ActiveCfg = Debug|Any CPU
		{1EBAD746-E6A2-43DD-837E-1563DE062F9D}.Debug|Any CPU.Build.0 = Debug|Any CPU
		{1EBAD746-E6A2-43DD-837E-1563DE062F9D}.Release|Any CPU.ActiveCfg = Release|Any CPU
		{1EBAD746-E6A2-43DD-837E-1563DE062F9D}.Release|Any CPU.Build.0 = Release|Any CPU
	EndGlobalSection
EndGlobal
